
Microsoft Visual Studio Solution File, Format Version 12.00
# Visual Studio Version 17
VisualStudioVersion = 17.6.33723.286
MinimumVisualStudioVersion = 10.0.40219.1
Project("{9A19103F-16F7-4668-BE54-9A1E7A4F7556}") = "RabbitMQLesson", "RabbitMQLesson\RabbitMQLesson.csproj", "{FA1BE537-D8B9-487E-BD13-DB32C484C602}"
EndProject
Project("{FAE04EC0-301F-11D3-BF4B-00C04F79EFBC}") = "TelegramServices", "TelegramServices\TelegramServices.csproj", "{BB6A1C18-0CE8-420A-AE95-E58A22CBE25D}"
EndProject
Global
	GlobalSection(SolutionConfigurationPlatforms) = preSolution
		Debug|Any CPU = Debug|Any CPU
		Release|Any CPU = Release|Any CPU
	EndGlobalSection
	GlobalSection(ProjectConfigurationPlatforms) = postSolution
		{FA1BE537-D8B9-487E-BD13-DB32C484C602}.Debug|Any CPU.ActiveCfg = Debug|Any CPU
		{FA1BE537-D8B9-487E-BD13-DB32C484C602}.Debug|Any CPU.Build.0 = Debug|Any CPU
		{FA1BE537-D8B9-487E-BD13-DB32C484C602}.Release|Any CPU.ActiveCfg = Release|Any CPU
		{FA1BE537-D8B9-487E-BD13-DB32C484C602}.Release|Any CPU.Build.0 = Release|Any CPU
		{BB6A1C18-0CE8-420A-AE95-E58A22CBE25D}.Debug|Any CPU.ActiveCfg = Debug|Any CPU
		{BB6A1C18-0CE8-420A-AE95-E58A22CBE25D}.Debug|Any CPU.Build.0 = Debug|Any CPU
		{BB6A1C18-0CE8-420A-AE95-E58A22CBE25D}.Release|Any CPU.ActiveCfg = Release|Any CPU
		{BB6A1C18-0CE8-420A-AE95-E58A22CBE25D}.Release|Any CPU.Build.0 = Release|Any CPU
	EndGlobalSection
	GlobalSection(SolutionProperties) = preSolution
		HideSolutionNode = FALSE
	EndGlobalSection
	GlobalSection(ExtensibilityGlobals) = postSolution
		SolutionGuid = {041D9D89-7E9C-417F-9831-42D7D8DA30AC}
	EndGlobalSection
EndGlobal
